
Microsoft Visual Studio Solution File, Format Version 9.00
# Visual Studio 2005
Project("{FAE04EC0-301F-11D3-BF4B-00C04F79EFBC}") = "An Assistive Body Sensor Network", "An Assistive Body Sensor Network\An Assistive Body Sensor Network.csproj", "{B0394E6C-E70E-4E41-AA99-45B9532FD74A}"
EndProject
Global
	GlobalSection(SolutionConfigurationPlatforms) = preSolution
		Debug|Any CPU = Debug|Any CPU
		Release|Any CPU = Release|Any CPU
	EndGlobalSection
	GlobalSection(ProjectConfigurationPlatforms) = postSolution
		{B0394E6C-E70E-4E41-AA99-45B9532FD74A}.Debug|Any CPU.ActiveCfg = Debug|Any CPU
		{B0394E6C-E70E-4E41-AA99-45B9532FD74A}.Debug|Any CPU.Build.0 = Debug|Any CPU
		{B0394E6C-E70E-4E41-AA99-45B9532FD74A}.Release|Any CPU.ActiveCfg = Release|Any CPU
		{B0394E6C-E70E-4E41-AA99-45B9532FD74A}.Release|Any CPU.Build.0 = Release|Any CPU
	EndGlobalSection
	GlobalSection(SolutionProperties) = preSolution
		HideSolutionNode = FALSE
	EndGlobalSection
EndGlobal
